set_global_assignment -name FAMILY "Cyclone II"
set_global_assignment -name DEVICE AUTO
set_global_assignment -name TOP_LEVEL_ENTITY ALU1
set_global_assignment -name LAST_QUARTUS_VERSION "13.0 SP1"
set_global_assignment -name VECTOR_OUTPUT_FORMAT VWF
set_global_assignment -name EDA_SIMULATION_TOOL "<None>"
set_global_assignment -name SIMULATION_MODE FUNCTIONAL
set_global_assignment -name INCREMENTAL_VECTOR_INPUT_SOURCE "C:/Users/Jassi/OneDrive/Ryerson UNI/Second Year/First Semester/COE328_Digital Systems/Labs/Lab 5/ALU1.vwf"